
Microsoft Visual Studio Solution File, Format Version 12.00
# Visual Studio Version 17
VisualStudioVersion = 17.4.33110.190
MinimumVisualStudioVersion = 10.0.40219.1
Project("{9A19103F-16F7-4668-BE54-9A1E7A4F7556}") = "Bank_Application", "Bank_Application\Bank_Application.csproj", "{B90F9430-163B-4C63-AE59-F840268FB124}"
	ProjectSection(ProjectDependencies) = postProject
		{FB378282-02AF-4D82-A514-520CFFFB98F3} = {FB378282-02AF-4D82-A514-520CFFFB98F3}
	EndProjectSection
EndProject
Project("{9A19103F-16F7-4668-BE54-9A1E7A4F7556}") = "Models", "Models\Models.csproj", "{CC6AA021-4AAD-4E5B-991E-6B297AD7B47A}"
EndProject
Project("{9A19103F-16F7-4668-BE54-9A1E7A4F7556}") = "AllServices", "CustomerService\AllServices.csproj", "{FB378282-02AF-4D82-A514-520CFFFB98F3}"
EndProject
Global
	GlobalSection(SolutionConfigurationPlatforms) = preSolution
		Debug|Any CPU = Debug|Any CPU
		Release|Any CPU = Release|Any CPU
	EndGlobalSection
	GlobalSection(ProjectConfigurationPlatforms) = postSolution
		{B90F9430-163B-4C63-AE59-F840268FB124}.Debug|Any CPU.ActiveCfg = Debug|Any CPU
		{B90F9430-163B-4C63-AE59-F840268FB124}.Debug|Any CPU.Build.0 = Debug|Any CPU
		{B90F9430-163B-4C63-AE59-F840268FB124}.Release|Any CPU.ActiveCfg = Release|Any CPU
		{B90F9430-163B-4C63-AE59-F840268FB124}.Release|Any CPU.Build.0 = Release|Any CPU
		{CC6AA021-4AAD-4E5B-991E-6B297AD7B47A}.Debug|Any CPU.ActiveCfg = Debug|Any CPU
		{CC6AA021-4AAD-4E5B-991E-6B297AD7B47A}.Debug|Any CPU.Build.0 = Debug|Any CPU
		{CC6AA021-4AAD-4E5B-991E-6B297AD7B47A}.Release|Any CPU.ActiveCfg = Release|Any CPU
		{CC6AA021-4AAD-4E5B-991E-6B297AD7B47A}.Release|Any CPU.Build.0 = Release|Any CPU
		{FB378282-02AF-4D82-A514-520CFFFB98F3}.Debug|Any CPU.ActiveCfg = Debug|Any CPU
		{FB378282-02AF-4D82-A514-520CFFFB98F3}.Debug|Any CPU.Build.0 = Debug|Any CPU
		{FB378282-02AF-4D82-A514-520CFFFB98F3}.Release|Any CPU.ActiveCfg = Release|Any CPU
		{FB378282-02AF-4D82-A514-520CFFFB98F3}.Release|Any CPU.Build.0 = Release|Any CPU
	EndGlobalSection
	GlobalSection(SolutionProperties) = preSolution
		HideSolutionNode = FALSE
	EndGlobalSection
	GlobalSection(ExtensibilityGlobals) = postSolution
		SolutionGuid = {1949C8B6-1CF7-48FD-88F4-B1B8CB0FF884}
	EndGlobalSection
EndGlobal
